// !$*UTF8*$!
{
	archiveVersion = 1;
	classes = {
	};
	objectVersion = 46;
	objects = {

/* Begin PBXBuildFile section */
		448F9C241D8FDF9C009C3D8E /* AppDelegate.swift in Sources */ = {isa = PBXBuildFile; fileRef = 448F9C231D8FDF9C009C3D8E /* AppDelegate.swift */; };
		448F9C261D8FDF9C009C3D8E /* ViewController.swift in Sources */ = {isa = PBXBuildFile; fileRef = 448F9C251D8FDF9C009C3D8E /* ViewController.swift */; };
		448F9C291D8FDF9C009C3D8E /* Main.storyboard in Resources */ = {isa = PBXBuildFile; fileRef = 448F9C271D8FDF9C009C3D8E /* Main.storyboard */; };
		448F9C2B1D8FDF9D009C3D8E /* Assets.xcassets in Resources */ = {isa = PBXBuildFile; fileRef = 448F9C2A1D8FDF9D009C3D8E /* Assets.xcassets */; };
		448F9C2E1D8FDF9D009C3D8E /* LaunchScreen.storyboard in Resources */ = {isa = PBXBuildFile; fileRef = 448F9C2C1D8FDF9D009C3D8E /* LaunchScreen.storyboard */; };
		448F9C391D8FDF9D009C3D8E /* Astro_TorchTests.swift in Sources */ = {isa = PBXBuildFile; fileRef = 448F9C381D8FDF9D009C3D8E /* Astro_TorchTests.swift */; };
/* End PBXBuildFile section */

/* Begin PBXContainerItemProxy section */
		448F9C351D8FDF9D009C3D8E /* PBXContainerItemProxy */ = {
			isa = PBXContainerItemProxy;
			containerPortal = 448F9C181D8FDF9A009C3D8E /* Project object */;
			proxyType = 1;
			remoteGlobalIDString = 448F9C1F1D8FDF9B009C3D8E;
			remoteInfo = "Astro Torch";
		};
/* End PBXContainerItemProxy section */

/* Begin PBXFileReference section */
		448F9C201D8FDF9C009C3D8E /* Astro Torch.app */ = {isa = PBXFileReference; explicitFileType = wrapper.application; includeInIndex = 0; path = "Astro Torch.app"; sourceTree = BUILT_PRODUCTS_DIR; };
		448F9C231D8FDF9C009C3D8E /* AppDelegate.swift */ = {isa = PBXFileReference; lastKnownFileType = sourcecode.swift; path = AppDelegate.swift; sourceTree = "<group>"; };
		448F9C251D8FDF9C009C3D8E /* ViewController.swift */ = {isa = PBXFileReference; lastKnownFileType = sourcecode.swift; path = ViewController.swift; sourceTree = "<group>"; };
		448F9C281D8FDF9C009C3D8E /* Base */ = {isa = PBXFileReference; lastKnownFileType = file.storyboard; name = Base; path = Base.lproj/Main.storyboard; sourceTree = "<group>"; };
		448F9C2A1D8FDF9D009C3D8E /* Assets.xcassets */ = {isa = PBXFileReference; lastKnownFileType = folder.assetcatalog; path = Assets.xcassets; sourceTree = "<group>"; };
		448F9C2D1D8FDF9D009C3D8E /* Base */ = {isa = PBXFileReference; lastKnownFileType = file.storyboard; name = Base; path = Base.lproj/LaunchScreen.storyboard; sourceTree = "<group>"; };
		448F9C2F1D8FDF9D009C3D8E /* Info.plist */ = {isa = PBXFileReference; lastKnownFileType = text.plist.xml; path = Info.plist; sourceTree = "<group>"; };
		448F9C341D8FDF9D009C3D8E /* Astro TorchTests.xctest */ = {isa = PBXFileReference; explicitFileType = wrapper.cfbundle; includeInIndex = 0; path = "Astro TorchTests.xctest"; sourceTree = BUILT_PRODUCTS_DIR; };
		448F9C381D8FDF9D009C3D8E /* Astro_TorchTests.swift */ = {isa = PBXFileReference; lastKnownFileType = sourcecode.swift; path = Astro_TorchTests.swift; sourceTree = "<group>"; };
		448F9C3A1D8FDF9D009C3D8E /* Info.plist */ = {isa = PBXFileReference; lastKnownFileType = text.plist.xml; path = Info.plist; sourceTree = "<group>"; };
/* End PBXFileReference section */

/* Begin PBXFrameworksBuildPhase section */
		448F9C1D1D8FDF9B009C3D8E /* Frameworks */ = {
			isa = PBXFrameworksBuildPhase;
			buildActionMask = 2147483647;
			files = (
			);
			runOnlyForDeploymentPostprocessing = 0;
		};
		448F9C311D8FDF9D009C3D8E /* Frameworks */ = {
			isa = PBXFrameworksBuildPhase;
			buildActionMask = 2147483647;
			files = (
			);
			runOnlyForDeploymentPostprocessing = 0;
		};
/* End PBXFrameworksBuildPhase section */

/* Begin PBXGroup section */
		448F9C171D8FDF9A009C3D8E = {
			isa = PBXGroup;
			children = (
				448F9C221D8FDF9C009C3D8E /* Astro Torch */,
				448F9C371D8FDF9D009C3D8E /* Astro TorchTests */,
				448F9C211D8FDF9C009C3D8E /* Products */,
			);
			sourceTree = "<group>";
		};
		448F9C211D8FDF9C009C3D8E /* Products */ = {
			isa = PBXGroup;
			children = (
				448F9C201D8FDF9C009C3D8E /* Astro Torch.app */,
				448F9C341D8FDF9D009C3D8E /* Astro TorchTests.xctest */,
			);
			name = Products;
			sourceTree = "<group>";
		};
		448F9C221D8FDF9C009C3D8E /* Astro Torch */ = {
			isa = PBXGroup;
			children = (
				448F9C231D8FDF9C009C3D8E /* AppDelegate.swift */,
				448F9C251D8FDF9C009C3D8E /* ViewController.swift */,
				448F9C271D8FDF9C009C3D8E /* Main.storyboard */,
				448F9C2A1D8FDF9D009C3D8E /* Assets.xcassets */,
				448F9C2C1D8FDF9D009C3D8E /* LaunchScreen.storyboard */,
				448F9C2F1D8FDF9D009C3D8E /* Info.plist */,
			);
			path = "Astro Torch";
			sourceTree = "<group>";
		};
		448F9C371D8FDF9D009C3D8E /* Astro TorchTests */ = {
			isa = PBXGroup;
			children = (
				448F9C381D8FDF9D009C3D8E /* Astro_TorchTests.swift */,
				448F9C3A1D8FDF9D009C3D8E /* Info.plist */,
			);
			path = "Astro TorchTests";
			sourceTree = "<group>";
		};
/* End PBXGroup section */

/* Begin PBXNativeTarget section */
		448F9C1F1D8FDF9B009C3D8E /* Astro Torch */ = {
			isa = PBXNativeTarget;
			buildConfigurationList = 448F9C3D1D8FDF9D009C3D8E /* Build configuration list for PBXNativeTarget "Astro Torch" */;
			buildPhases = (
				448F9C1C1D8FDF9B009C3D8E /* Sources */,
				448F9C1D1D8FDF9B009C3D8E /* Frameworks */,
				448F9C1E1D8FDF9B009C3D8E /* Resources */,
			);
			buildRules = (
			);
			dependencies = (
			);
			name = "Astro Torch";
			productName = "Astro Torch";
			productReference = 448F9C201D8FDF9C009C3D8E /* Astro Torch.app */;
			productType = "com.apple.product-type.application";
		};
		448F9C331D8FDF9D009C3D8E /* Astro TorchTests */ = {
			isa = PBXNativeTarget;
			buildConfigurationList = 448F9C401D8FDF9D009C3D8E /* Build configuration list for PBXNativeTarget "Astro TorchTests" */;
			buildPhases = (
				448F9C301D8FDF9D009C3D8E /* Sources */,
				448F9C311D8FDF9D009C3D8E /* Frameworks */,
				448F9C321D8FDF9D009C3D8E /* Resources */,
			);
			buildRules = (
			);
			dependencies = (
				448F9C361D8FDF9D009C3D8E /* PBXTargetDependency */,
			);
			name = "Astro TorchTests";
			productName = "Astro TorchTests";
			productReference = 448F9C341D8FDF9D009C3D8E /* Astro TorchTests.xctest */;
			productType = "com.apple.product-type.bundle.unit-test";
		};
/* End PBXNativeTarget section */

/* Begin PBXProject section */
		448F9C181D8FDF9A009C3D8E /* Project object */ = {
			isa = PBXProject;
			attributes = {
				LastSwiftUpdateCheck = 0800;
				LastUpgradeCheck = 0800;
				ORGANIZATIONNAME = "kaleem ahmad";
				TargetAttributes = {
					448F9C1F1D8FDF9B009C3D8E = {
						CreatedOnToolsVersion = 8.0;
						ProvisioningStyle = Automatic;
					};
					448F9C331D8FDF9D009C3D8E = {
						CreatedOnToolsVersion = 8.0;
						ProvisioningStyle = Automatic;
						TestTargetID = 448F9C1F1D8FDF9B009C3D8E;
					};
				};
			};
			buildConfigurationList = 448F9C1B1D8FDF9A009C3D8E /* Build configuration list for PBXProject "Astro Torch" */;
			compatibilityVersion = "Xcode 3.2";
			developmentRegion = English;
			hasScannedForEncodings = 0;
			knownRegions = (
				en,
				Base,
			);
			mainGroup = 448F9C171D8FDF9A009C3D8E;
			productRefGroup = 448F9C211D8FDF9C009C3D8E /* Products */;
			projectDirPath = "";
			projectRoot = "";
			targets = (
				448F9C1F1D8FDF9B009C3D8E /* Astro Torch */,
				448F9C331D8FDF9D009C3D8E /* Astro TorchTests */,
			);
		};
/* End PBXProject section */

/* Begin PBXResourcesBuildPhase section */
		448F9C1E1D8FDF9B009C3D8E /* Resources */ = {
			isa = PBXResourcesBuildPhase;
			buildActionMask = 2147483647;
			files = (
				448F9C2E1D8FDF9D009C3D8E /* LaunchScreen.storyboard in Resources */,
				448F9C2B1D8FDF9D009C3D8E /* Assets.xcassets in Resources */,
				448F9C291D8FDF9C009C3D8E /* Main.storyboard in Resources */,
			);
			runOnlyForDeploymentPostprocessing = 0;
		};
		448F9C321D8FDF9D009C3D8E /* Resources */ = {
			isa = PBXResourcesBuildPhase;
			buildActionMask = 2147483647;
			files = (
			);
			runOnlyForDeploymentPostprocessing = 0;
		};
/* End PBXResourcesBuildPhase section */

/* Begin PBXSourcesBuildPhase section */
		448F9C1C1D8FDF9B009C3D8E /* Sources */ = {
			isa = PBXSourcesBuildPhase;
			buildActionMask = 2147483647;
			files = (
				448F9C261D8FDF9C009C3D8E /* ViewController.swift in Sources */,
				448F9C241D8FDF9C009C3D8E /* AppDelegate.swift in Sources */,
			);
			runOnlyForDeploymentPostprocessing = 0;
		};
		448F9C301D8FDF9D009C3D8E /* Sources */ = {
			isa = PBXSourcesBuildPhase;
			buildActionMask = 2147483647;
			files = (
				448F9C391D8FDF9D009C3D8E /* Astro_TorchTests.swift in Sources */,
			);
			runOnlyForDeploymentPostprocessing = 0;
		};
/* End PBXSourcesBuildPhase section */

/* Begin PBXTargetDependency section */
		448F9C361D8FDF9D009C3D8E /* PBXTargetDependency */ = {
			isa = PBXTargetDependency;
			target = 448F9C1F1D8FDF9B009C3D8E /* Astro Torch */;
			targetProxy = 448F9C351D8FDF9D009C3D8E /* PBXContainerItemProxy */;
		};
/* End PBXTargetDependency section */

/* Begin PBXVariantGroup section */
		448F9C271D8FDF9C009C3D8E /* Main.storyboard */ = {
			isa = PBXVariantGroup;
			children = (
				448F9C281D8FDF9C009C3D8E /* Base */,
			);
			name = Main.storyboard;
			sourceTree = "<group>";
		};
		448F9C2C1D8FDF9D009C3D8E /* LaunchScreen.storyboard */ = {
			isa = PBXVariantGroup;
			children = (
				448F9C2D1D8FDF9D009C3D8E /* Base */,
			);
			name = LaunchScreen.storyboard;
			sourceTree = "<group>";
		};
/* End PBXVariantGroup section */

/* Begin XCBuildConfiguration section */
		448F9C3B1D8FDF9D009C3D8E /* Debug */ = {
			isa = XCBuildConfiguration;
			buildSettings = {
				ALWAYS_SEARCH_USER_PATHS = NO;
				CLANG_ANALYZER_NONNULL = YES;
				CLANG_CXX_LANGUAGE_STANDARD = "gnu++0x";
				CLANG_CXX_LIBRARY = "libc++";
				CLANG_ENABLE_MODULES = YES;
				CLANG_ENABLE_OBJC_ARC = YES;
				CLANG_WARN_BOOL_CONVERSION = YES;
				CLANG_WARN_CONSTANT_CONVERSION = YES;
				CLANG_WARN_DIRECT_OBJC_ISA_USAGE = YES_ERROR;
				CLANG_WARN_DOCUMENTATION_COMMENTS = YES;
				CLANG_WARN_EMPTY_BODY = YES;
				CLANG_WARN_ENUM_CONVERSION = YES;
				CLANG_WARN_INFINITE_RECURSION = YES;
				CLANG_WARN_INT_CONVERSION = YES;
				CLANG_WARN_OBJC_ROOT_CLASS = YES_ERROR;
				CLANG_WARN_SUSPICIOUS_MOVES = YES;
				CLANG_WARN_UNREACHABLE_CODE = YES;
				CLANG_WARN__DUPLICATE_METHOD_MATCH = YES;
				"CODE_SIGN_IDENTITY[sdk=iphoneos*]" = "iPhone Developer";
				COPY_PHASE_STRIP = NO;
				DEBUG_INFORMATION_FORMAT = dwarf;
				ENABLE_STRICT_OBJC_MSGSEND = YES;
				ENABLE_TESTABILITY = YES;
				GCC_C_LANGUAGE_STANDARD = gnu99;
				GCC_DYNAMIC_NO_PIC = NO;
				GCC_NO_COMMON_BLOCKS = YES;
				GCC_OPTIMIZATION_LEVEL = 0;
				GCC_PREPROCESSOR_DEFINITIONS = (
					"DEBUG=1",
					"$(inherited)",
				);
				GCC_WARN_64_TO_32_BIT_CONVERSION = YES;
				GCC_WARN_ABOUT_RETURN_TYPE = YES_ERROR;
				GCC_WARN_UNDECLARED_SELECTOR = YES;
				GCC_WARN_UNINITIALIZED_AUTOS = YES_AGGRESSIVE;
				GCC_WARN_UNUSED_FUNCTION = YES;
				GCC_WARN_UNUSED_VARIABLE = YES;
				IPHONEOS_DEPLOYMENT_TARGET = 10.0;
				MTL_ENABLE_DEBUG_INFO = YES;
				ONLY_ACTIVE_ARCH = YES;
				SDKROOT = iphoneos;
				SWIFT_ACTIVE_COMPILATION_CONDITIONS = DEBUG;
				SWIFT_OPTIMIZATION_LEVEL = "-Onone";
				TARGETED_DEVICE_FAMILY = "1,2";
			};
			name = Debug;
		};
		448F9C3C1D8FDF9D009C3D8E /* Release */ = {
			isa = XCBuildConfiguration;
			buildSettings = {
				ALWAYS_SEARCH_USER_PATHS = NO;
				CLANG_ANALYZER_NONNULL = YES;
				CLANG_CXX_LANGUAGE_STANDARD = "gnu++0x";
				CLANG_CXX_LIBRARY = "libc++";
				CLANG_ENABLE_MODULES = YES;
				CLANG_ENABLE_OBJC_ARC = YES;
				CLANG_WARN_BOOL_CONVERSION = YES;
				CLANG_WARN_CONSTANT_CONVERSION = YES;
				CLANG_WARN_DIRECT_OBJC_ISA_USAGE = YES_ERROR;
				CLANG_WARN_DOCUMENTATION_COMMENTS = YES;
				CLANG_WARN_EMPTY_BODY = YES;
				CLANG_WARN_ENUM_CONVERSION = YES;
				CLANG_WARN_INFINITE_RECURSION = YES;
				CLANG_WARN_INT_CONVERSION = YES;
				CLANG_WARN_OBJC_ROOT_CLASS = YES_ERROR;
				CLANG_WARN_SUSPICIOUS_MOVES = YES;
				CLANG_WARN_UNREACHABLE_CODE = YES;
				CLANG_WARN__DUPLICATE_METHOD_MATCH = YES;
				"CODE_SIGN_IDENTITY[sdk=iphoneos*]" = "iPhone Developer";
				COPY_PHASE_STRIP = NO;
				DEBUG_INFORMATION_FORMAT = "dwarf-with-dsym";
				ENABLE_NS_ASSERTIONS = NO;
				ENABLE_STRICT_OBJC_MSGSEND = YES;
				GCC_C_LANGUAGE_STANDARD = gnu99;
				GCC_NO_COMMON_BLOCKS = YES;
				GCC_WARN_64_TO_32_BIT_CONVERSION = YES;
				GCC_WARN_ABOUT_RETURN_TYPE = YES_ERROR;
				GCC_WARN_UNDECLARED_SELECTOR = YES;
				GCC_WARN_UNINITIALIZED_AUTOS = YES_AGGRESSIVE;
				GCC_WARN_UNUSED_FUNCTION = YES;
				GCC_WARN_UNUSED_VARIABLE = YES;
				IPHONEOS_DEPLOYMENT_TARGET = 10.0;
				MTL_ENABLE_DEBUG_INFO = NO;
				SDKROOT = iphoneos;
				SWIFT_OPTIMIZATION_LEVEL = "-Owholemodule";
				TARGETED_DEVICE_FAMILY = "1,2";
				VALIDATE_PRODUCT = YES;
			};
			name = Release;
		};
		448F9C3E1D8FDF9D009C3D8E /* Debug */ = {
			isa = XCBuildConfiguration;
			buildSettings = {
				ASSETCATALOG_COMPILER_APPICON_NAME = AppIcon;
				INFOPLIST_FILE = "Astro Torch/Info.plist";
				LD_RUNPATH_SEARCH_PATHS = "$(inherited) @executable_path/Frameworks";
				PRODUCT_BUNDLE_IDENTIFIER = "neatsol.com.Astro-Torch";
				PRODUCT_NAME = "$(TARGET_NAME)";
				SWIFT_VERSION = 3.0;
			};
			name = Debug;
		};
		448F9C3F1D8FDF9D009C3D8E /* Release */ = {
			isa = XCBuildConfiguration;
			buildSettings = {
				ASSETCATALOG_COMPILER_APPICON_NAME = AppIcon;
				INFOPLIST_FILE = "Astro Torch/Info.plist";
				LD_RUNPATH_SEARCH_PATHS = "$(inherited) @executable_path/Frameworks";
				PRODUCT_BUNDLE_IDENTIFIER = "neatsol.com.Astro-Torch";
				PRODUCT_NAME = "$(TARGET_NAME)";
				SWIFT_VERSION = 3.0;
			};
			name = Release;
		};
		448F9C411D8FDF9D009C3D8E /* Debug */ = {
			isa = XCBuildConfiguration;
			buildSettings = {
				ALWAYS_EMBED_SWIFT_STANDARD_LIBRARIES = YES;
				BUNDLE_LOADER = "$(TEST_HOST)";
				INFOPLIST_FILE = "Astro TorchTests/Info.plist";
				LD_RUNPATH_SEARCH_PATHS = "$(inherited) @executable_path/Frameworks @loader_path/Frameworks";
				PRODUCT_BUNDLE_IDENTIFIER = "neatsol.com.Astro-TorchTests";
				PRODUCT_NAME = "$(TARGET_NAME)";
				SWIFT_VERSION = 3.0;
				TEST_HOST = "$(BUILT_PRODUCTS_DIR)/Astro Torch.app/Astro Torch";
			};
			name = Debug;
		};
		448F9C421D8FDF9D009C3D8E /* Release */ = {
			isa = XCBuildConfiguration;
			buildSettings = {
				ALWAYS_EMBED_SWIFT_STANDARD_LIBRARIES = YES;
				BUNDLE_LOADER = "$(TEST_HOST)";
				INFOPLIST_FILE = "Astro TorchTests/Info.plist";
				LD_RUNPATH_SEARCH_PATHS = "$(inherited) @executable_path/Frameworks @loader_path/Frameworks";
				PRODUCT_BUNDLE_IDENTIFIER = "neatsol.com.Astro-TorchTests";
				PRODUCT_NAME = "$(TARGET_NAME)";
				SWIFT_VERSION = 3.0;
				TEST_HOST = "$(BUILT_PRODUCTS_DIR)/Astro Torch.app/Astro Torch";
			};
			name = Release;
		};
/* End XCBuildConfiguration section */

/* Begin XCConfigurationList section */
		448F9C1B1D8FDF9A009C3D8E /* Build configuration list for PBXProject "Astro Torch" */ = {
			isa = XCConfigurationList;
			buildConfigurations = (
				448F9C3B1D8FDF9D009C3D8E /* Debug */,
				448F9C3C1D8FDF9D009C3D8E /* Release */,
			);
			defaultConfigurationIsVisible = 0;
			defaultConfigurationName = Release;
		};
		448F9C3D1D8FDF9D009C3D8E /* Build configuration list for PBXNativeTarget "Astro Torch" */ = {
			isa = XCConfigurationList;
			buildConfigurations = (
				448F9C3E1D8FDF9D009C3D8E /* Debug */,
				448F9C3F1D8FDF9D009C3D8E /* Release */,
			);
			defaultConfigurationIsVisible = 0;
		};
		448F9C401D8FDF9D009C3D8E /* Build configuration list for PBXNativeTarget "Astro TorchTests" */ = {
			isa = XCConfigurationList;
			buildConfigurations = (
				448F9C411D8FDF9D009C3D8E /* Debug */,
				448F9C421D8FDF9D009C3D8E /* Release */,
			);
			defaultConfigurationIsVisible = 0;
		};
/* End XCConfigurationList section */
	};
	rootObject = 448F9C181D8FDF9A009C3D8E /* Project object */;
}
